<?xml version="1.0" encoding="utf-8"?>
<Project ToolsVersion="4.0" xmlns="http://schemas.microsoft.com/developer/msbuild/2003">
  <ItemGroup>
    <Filter Include="소스 파일">
      <UniqueIdentifier>{4FC737F1-C7A5-4376-A066-2A32D752A2FF}</UniqueIdentifier>
      <Extensions>cpp;c;cc;cxx;def;odl;idl;hpj;bat;asm;asmx</Extensions>
    </Filter>
    <Filter Include="헤더 파일">
      <UniqueIdentifier>{93995380-89BD-4b04-88EB-625FBE52EBFB}</UniqueIdentifier>
      <Extensions>h;hh;hpp;hxx;hm;inl;inc;ipp;xsd</Extensions>
    </Filter>
    <Filter Include="리소스 파일">
      <UniqueIdentifier>{67DA6AB6-F800-4c08-8B7A-83BB121AAD01}</UniqueIdentifier>
      <Extensions>rc;ico;cur;bmp;dlg;rc2;rct;bin;rgs;gif;jpg;jpeg;jpe;resx;tiff;tif;png;wav;mfcribbon-ms</Extensions>
    </Filter>
    <Filter Include="2DGameFramework">
      <UniqueIdentifier>{2ee19535-a953-4eef-ad75-d9e30b26b349}</UniqueIdentifier>
    </Filter>
    <Filter Include="2DGameFramework\SingletonBase">
      <UniqueIdentifier>{71976e2a-20c6-4f27-b50f-5b7ec7fbdd1e}</UniqueIdentifier>
    </Filter>
    <Filter Include="playGround">
      <UniqueIdentifier>{07ed6059-248b-4fb2-8666-6b17c3978591}</UniqueIdentifier>
    </Filter>
    <Filter Include="2DGameFramework\Manager">
      <UniqueIdentifier>{12a1bdad-ebcf-45e6-b39a-e738f4dfc0e7}</UniqueIdentifier>
    </Filter>
    <Filter Include="2DGameFramework\image">
      <UniqueIdentifier>{caf0e1cc-ae3a-47e7-865a-91a0755607a5}</UniqueIdentifier>
    </Filter>
    <Filter Include="2DGameFramework\Utils">
      <UniqueIdentifier>{c962e91d-abcd-4709-8f30-f32302d8f874}</UniqueIdentifier>
    </Filter>
    <Filter Include="2DGameFramework\progressBar">
      <UniqueIdentifier>{d7d3bb39-5a49-4aa5-bb12-7e2c752bf39e}</UniqueIdentifier>
    </Filter>
    <Filter Include="2DGameFramework\txtData">
      <UniqueIdentifier>{276684f5-2360-447b-b759-86c487f54855}</UniqueIdentifier>
    </Filter>
    <Filter Include="2DGameFramework\timer">
      <UniqueIdentifier>{7638a757-93e6-4e15-a9f4-6dfaee8a20dd}</UniqueIdentifier>
    </Filter>
    <Filter Include="2DGameFramework\animation">
      <UniqueIdentifier>{069079e2-3f8c-4815-aa2f-ca7ea766fa86}</UniqueIdentifier>
    </Filter>
    <Filter Include="2DGameFramework\effect">
      <UniqueIdentifier>{30db4124-efb2-40b2-99a0-0ef52e46c48a}</UniqueIdentifier>
    </Filter>
    <Filter Include="2DGameFramework\button">
      <UniqueIdentifier>{3a0acedc-e823-40ff-b206-87b61c533603}</UniqueIdentifier>
    </Filter>
    <Filter Include="playGround\mainScene">
      <UniqueIdentifier>{40333941-efca-4c60-89b5-debf9078b841}</UniqueIdentifier>
    </Filter>
    <Filter Include="playGround\otherScenes">
      <UniqueIdentifier>{3dc7f296-37f9-496c-85fe-52ba47593e53}</UniqueIdentifier>
    </Filter>
    <Filter Include="playGround\loadingScene">
      <UniqueIdentifier>{83503810-96bd-4e37-bc9a-259ad8a7fc1d}</UniqueIdentifier>
    </Filter>
    <Filter Include="playGround\mainScene\interaction">
      <UniqueIdentifier>{cf1b5f6d-f1f3-462b-8cf0-d38dc5149509}</UniqueIdentifier>
    </Filter>
    <Filter Include="playGround\mainScene\skillNEffect">
      <UniqueIdentifier>{44dc9ced-7862-4dd7-8268-e1f7b5070ea9}</UniqueIdentifier>
    </Filter>
    <Filter Include="playGround\mainScene\skillNEffect\subclass">
      <UniqueIdentifier>{85ebfc08-6ee8-4e91-9eb1-17cef1579c7e}</UniqueIdentifier>
    </Filter>
    <Filter Include="playGround\mainScene\unit">
      <UniqueIdentifier>{7f37394a-c441-42e8-8b0e-e87c935da5f0}</UniqueIdentifier>
    </Filter>
    <Filter Include="playGround\mainScene\unit\subclass">
      <UniqueIdentifier>{da87926c-f2de-41f0-b1c6-b3d4f713b531}</UniqueIdentifier>
    </Filter>
    <Filter Include="playGround\mainScene\stage">
      <UniqueIdentifier>{479a72d3-325d-4d96-89dd-e0ee07792465}</UniqueIdentifier>
    </Filter>
    <Filter Include="playGround\mainScene\unit\unitInteraction">
      <UniqueIdentifier>{4b244335-ec1b-442f-b33b-cddca6ed5cce}</UniqueIdentifier>
    </Filter>
    <Filter Include="playGround\mapTool">
      <UniqueIdentifier>{367e18f3-291e-4162-a248-0206d3cd4b6e}</UniqueIdentifier>
    </Filter>
    <Filter Include="playGround\mainScene\unit\subclass\summoner">
      <UniqueIdentifier>{f2b8a1ed-3d97-4332-8a79-615b0e5fc994}</UniqueIdentifier>
    </Filter>
  </ItemGroup>
  <ItemGroup>
    <ClInclude Include="stdafx.h">
      <Filter>헤더 파일</Filter>
    </ClInclude>
    <ClInclude Include="targetver.h">
      <Filter>헤더 파일</Filter>
    </ClInclude>
    <ClInclude Include="Resource.h">
      <Filter>헤더 파일</Filter>
    </ClInclude>
    <ClInclude Include="windowAPI.h">
      <Filter>헤더 파일</Filter>
    </ClInclude>
    <ClInclude Include="commonMacroFunction.h">
      <Filter>헤더 파일</Filter>
    </ClInclude>
    <ClInclude Include="singletonBase.h">
      <Filter>2DGameFramework\SingletonBase</Filter>
    </ClInclude>
    <ClInclude Include="randomFunction.h">
      <Filter>헤더 파일</Filter>
    </ClInclude>
    <ClInclude Include="gameNode.h">
      <Filter>2DGameFramework</Filter>
    </ClInclude>
    <ClInclude Include="playGround.h">
      <Filter>playGround</Filter>
    </ClInclude>
    <ClInclude Include="keyManager.h">
      <Filter>2DGameFramework\Manager</Filter>
    </ClInclude>
    <ClInclude Include="image.h">
      <Filter>2DGameFramework\image</Filter>
    </ClInclude>
    <ClInclude Include="utils.h">
      <Filter>2DGameFramework\Utils</Filter>
    </ClInclude>
    <ClInclude Include="imageManager.h">
      <Filter>2DGameFramework\Manager</Filter>
    </ClInclude>
    <ClInclude Include="progressBar.h">
      <Filter>2DGameFramework\progressBar</Filter>
    </ClInclude>
    <ClInclude Include="txtData.h">
      <Filter>2DGameFramework\txtData</Filter>
    </ClInclude>
    <ClInclude Include="timer.h">
      <Filter>2DGameFramework\timer</Filter>
    </ClInclude>
    <ClInclude Include="timeManager.h">
      <Filter>2DGameFramework\Manager</Filter>
    </ClInclude>
    <ClInclude Include="animation.h">
      <Filter>2DGameFramework\animation</Filter>
    </ClInclude>
    <ClInclude Include="effect.h">
      <Filter>2DGameFramework\effect</Filter>
    </ClInclude>
    <ClInclude Include="effectManager.h">
      <Filter>2DGameFramework\Manager</Filter>
    </ClInclude>
    <ClInclude Include="sceneManager.h">
      <Filter>2DGameFramework\Manager</Filter>
    </ClInclude>
    <ClInclude Include="soundManager.h">
      <Filter>2DGameFramework\Manager</Filter>
    </ClInclude>
    <ClInclude Include="button.h">
      <Filter>2DGameFramework\button</Filter>
    </ClInclude>
    <ClInclude Include="keyAniManager.h">
      <Filter>2DGameFramework\Manager</Filter>
    </ClInclude>
    <ClInclude Include="iniDataManager.h">
      <Filter>2DGameFramework\Manager</Filter>
    </ClInclude>
    <ClInclude Include="mapTool.h">
      <Filter>playGround\mapTool</Filter>
    </ClInclude>
    <ClInclude Include="mainScene.h">
      <Filter>playGround\mainScene</Filter>
    </ClInclude>
    <ClInclude Include="loadingScene.h">
      <Filter>playGround\loadingScene</Filter>
    </ClInclude>
    <ClInclude Include="endingScene.h">
      <Filter>playGround\otherScenes</Filter>
    </ClInclude>
    <ClInclude Include="titleScene.h">
      <Filter>playGround\otherScenes</Filter>
    </ClInclude>
    <ClInclude Include="unit.h">
      <Filter>playGround\mainScene\unit</Filter>
    </ClInclude>
    <ClInclude Include="civilian.h">
      <Filter>playGround\mainScene\unit\subclass</Filter>
    </ClInclude>
    <ClInclude Include="zergling.h">
      <Filter>playGround\mainScene\unit\subclass</Filter>
    </ClInclude>
    <ClInclude Include="interaction.h">
      <Filter>playGround\mainScene\interaction</Filter>
    </ClInclude>
    <ClInclude Include="unitManager.h">
      <Filter>playGround\mainScene\unit</Filter>
    </ClInclude>
    <ClInclude Include="skillNEffectManager.h">
      <Filter>playGround\mainScene\skillNEffect</Filter>
    </ClInclude>
    <ClInclude Include="skillNEffect.h">
      <Filter>playGround\mainScene\skillNEffect</Filter>
    </ClInclude>
    <ClInclude Include="psionic.h">
      <Filter>playGround\mainScene\skillNEffect\subclass</Filter>
    </ClInclude>
    <ClInclude Include="flague.h">
      <Filter>playGround\mainScene\skillNEffect\subclass</Filter>
    </ClInclude>
    <ClInclude Include="stageManager.h">
      <Filter>playGround\mainScene\stage</Filter>
    </ClInclude>
    <ClInclude Include="tile.h">
      <Filter>playGround\mapTool</Filter>
    </ClInclude>
    <ClInclude Include="cameraManager.h">
      <Filter>2DGameFramework\Manager</Filter>
    </ClInclude>
    <ClInclude Include="marine.h">
      <Filter>playGround\mainScene\unit\subclass</Filter>
    </ClInclude>
    <ClInclude Include="templar.h">
      <Filter>playGround\mainScene\unit\subclass</Filter>
    </ClInclude>
    <ClInclude Include="bishop.h">
      <Filter>playGround\mainScene\unit\subclass</Filter>
    </ClInclude>
    <ClInclude Include="ghost.h">
      <Filter>playGround\mainScene\unit\subclass</Filter>
    </ClInclude>
    <ClInclude Include="heal.h">
      <Filter>playGround\mainScene\skillNEffect\subclass</Filter>
    </ClInclude>
    <ClInclude Include="bone.h">
      <Filter>playGround\mainScene\unit\subclass\summoner</Filter>
    </ClInclude>
    <ClInclude Include="diablo.h">
      <Filter>playGround\mainScene\unit\subclass\summoner</Filter>
    </ClInclude>
  </ItemGroup>
  <ItemGroup>
    <ClCompile Include="stdafx.cpp">
      <Filter>소스 파일</Filter>
    </ClCompile>
    <ClCompile Include="winMain.cpp">
      <Filter>소스 파일</Filter>
    </ClCompile>
    <ClCompile Include="gameNode.cpp">
      <Filter>2DGameFramework</Filter>
    </ClCompile>
    <ClCompile Include="playGround.cpp">
      <Filter>playGround</Filter>
    </ClCompile>
    <ClCompile Include="keyManager.cpp">
      <Filter>2DGameFramework\Manager</Filter>
    </ClCompile>
    <ClCompile Include="image.cpp">
      <Filter>2DGameFramework\image</Filter>
    </ClCompile>
    <ClCompile Include="utils.cpp">
      <Filter>2DGameFramework\Utils</Filter>
    </ClCompile>
    <ClCompile Include="imageManager.cpp">
      <Filter>2DGameFramework\Manager</Filter>
    </ClCompile>
    <ClCompile Include="progressBar.cpp">
      <Filter>2DGameFramework\progressBar</Filter>
    </ClCompile>
    <ClCompile Include="txtData.cpp">
      <Filter>2DGameFramework\txtData</Filter>
    </ClCompile>
    <ClCompile Include="timer.cpp">
      <Filter>2DGameFramework\timer</Filter>
    </ClCompile>
    <ClCompile Include="timeManager.cpp">
      <Filter>2DGameFramework\Manager</Filter>
    </ClCompile>
    <ClCompile Include="animation.cpp">
      <Filter>2DGameFramework\animation</Filter>
    </ClCompile>
    <ClCompile Include="effect.cpp">
      <Filter>2DGameFramework\effect</Filter>
    </ClCompile>
    <ClCompile Include="effectManager.cpp">
      <Filter>2DGameFramework\Manager</Filter>
    </ClCompile>
    <ClCompile Include="sceneManager.cpp">
      <Filter>2DGameFramework\Manager</Filter>
    </ClCompile>
    <ClCompile Include="soundManager.cpp">
      <Filter>2DGameFramework\Manager</Filter>
    </ClCompile>
    <ClCompile Include="button.cpp">
      <Filter>2DGameFramework\button</Filter>
    </ClCompile>
    <ClCompile Include="keyAniManager.cpp">
      <Filter>2DGameFramework\Manager</Filter>
    </ClCompile>
    <ClCompile Include="iniDataManager.cpp">
      <Filter>2DGameFramework\Manager</Filter>
    </ClCompile>
    <ClCompile Include="mapTool.cpp">
      <Filter>playGround\mapTool</Filter>
    </ClCompile>
    <ClCompile Include="mainScene.cpp">
      <Filter>playGround\mainScene</Filter>
    </ClCompile>
    <ClCompile Include="loadingScene.cpp">
      <Filter>playGround\loadingScene</Filter>
    </ClCompile>
    <ClCompile Include="loadingScene+chanho.cpp">
      <Filter>playGround\loadingScene</Filter>
    </ClCompile>
    <ClCompile Include="loadingScene+younghan.cpp">
      <Filter>playGround\loadingScene</Filter>
    </ClCompile>
    <ClCompile Include="loadingScene+deokho.cpp">
      <Filter>playGround\loadingScene</Filter>
    </ClCompile>
    <ClCompile Include="loadingScene+yoongho.cpp">
      <Filter>playGround\loadingScene</Filter>
    </ClCompile>
    <ClCompile Include="loadingScene+hyunjeong.cpp">
      <Filter>playGround\loadingScene</Filter>
    </ClCompile>
    <ClCompile Include="titleScene.cpp">
      <Filter>playGround\otherScenes</Filter>
    </ClCompile>
    <ClCompile Include="endingScene.cpp">
      <Filter>playGround\otherScenes</Filter>
    </ClCompile>
    <ClCompile Include="unit.cpp">
      <Filter>playGround\mainScene\unit</Filter>
    </ClCompile>
    <ClCompile Include="civilian.cpp">
      <Filter>playGround\mainScene\unit\subclass</Filter>
    </ClCompile>
    <ClCompile Include="zergling.cpp">
      <Filter>playGround\mainScene\unit\subclass</Filter>
    </ClCompile>
    <ClCompile Include="interaction.cpp">
      <Filter>playGround\mainScene\interaction</Filter>
    </ClCompile>
    <ClCompile Include="interaction+chanho.cpp">
      <Filter>playGround\mainScene\interaction</Filter>
    </ClCompile>
    <ClCompile Include="interaction+deokho.cpp">
      <Filter>playGround\mainScene\interaction</Filter>
    </ClCompile>
    <ClCompile Include="interaction+hyunjeong.cpp">
      <Filter>playGround\mainScene\interaction</Filter>
    </ClCompile>
    <ClCompile Include="interaction+yoongho.cpp">
      <Filter>playGround\mainScene\interaction</Filter>
    </ClCompile>
    <ClCompile Include="interaction+younghan.cpp">
      <Filter>playGround\mainScene\interaction</Filter>
    </ClCompile>
    <ClCompile Include="unitManager.cpp">
      <Filter>playGround\mainScene\unit</Filter>
    </ClCompile>
    <ClCompile Include="skillNEffectManager.cpp">
      <Filter>playGround\mainScene\skillNEffect</Filter>
    </ClCompile>
    <ClCompile Include="skillNEffect.cpp">
      <Filter>playGround\mainScene\skillNEffect</Filter>
    </ClCompile>
    <ClCompile Include="psionic.cpp">
      <Filter>playGround\mainScene\skillNEffect\subclass</Filter>
    </ClCompile>
    <ClCompile Include="flague.cpp">
      <Filter>playGround\mainScene\skillNEffect\subclass</Filter>
    </ClCompile>
    <ClCompile Include="stageManager.cpp">
      <Filter>playGround\mainScene\stage</Filter>
    </ClCompile>
    <ClCompile Include="um+yoongho.cpp">
      <Filter>playGround\mainScene\unit\unitInteraction</Filter>
    </ClCompile>
    <ClCompile Include="um+younghan.cpp">
      <Filter>playGround\mainScene\unit\unitInteraction</Filter>
    </ClCompile>
    <ClCompile Include="um+deokho.cpp">
      <Filter>playGround\mainScene\unit\unitInteraction</Filter>
    </ClCompile>
    <ClCompile Include="um+hyunjeong.cpp">
      <Filter>playGround\mainScene\unit\unitInteraction</Filter>
    </ClCompile>
    <ClCompile Include="um+chanho.cpp">
      <Filter>playGround\mainScene\unit\unitInteraction</Filter>
    </ClCompile>
    <ClCompile Include="unit+commonInit.cpp">
      <Filter>playGround\mainScene\unit\unitInteraction</Filter>
    </ClCompile>
    <ClCompile Include="unit+commonUpdate.cpp">
      <Filter>playGround\mainScene\unit\unitInteraction</Filter>
    </ClCompile>
    <ClCompile Include="cameraManager.cpp">
      <Filter>2DGameFramework\Manager</Filter>
    </ClCompile>
    <ClCompile Include="marine.cpp">
      <Filter>playGround\mainScene\unit\subclass</Filter>
    </ClCompile>
    <ClCompile Include="templar.cpp">
      <Filter>playGround\mainScene\unit\subclass</Filter>
    </ClCompile>
    <ClCompile Include="mapTool+image.cpp">
      <Filter>playGround\mapTool</Filter>
    </ClCompile>
    <ClCompile Include="mapTool+saveLoad.cpp">
      <Filter>playGround\mapTool</Filter>
    </ClCompile>
    <ClCompile Include="mapTool+button.cpp">
      <Filter>playGround\mapTool</Filter>
    </ClCompile>
    <ClCompile Include="mapTool+isoTile.cpp">
      <Filter>playGround\mapTool</Filter>
    </ClCompile>
    <ClCompile Include="mapTool+camera.cpp">
      <Filter>playGround\mapTool</Filter>
    </ClCompile>
    <ClCompile Include="mapTool+object.cpp">
      <Filter>playGround\mapTool</Filter>
    </ClCompile>
    <ClCompile Include="bishop.cpp">
      <Filter>playGround\mainScene\unit\subclass</Filter>
    </ClCompile>
    <ClCompile Include="playGround+minimap.cpp">
      <Filter>playGround</Filter>
    </ClCompile>
    <ClCompile Include="ghost.cpp">
      <Filter>playGround\mainScene\unit\subclass</Filter>
    </ClCompile>
    <ClCompile Include="interaction+aStar.cpp">
      <Filter>playGround\mainScene\interaction</Filter>
    </ClCompile>
    <ClCompile Include="heal.cpp">
      <Filter>playGround\mainScene\skillNEffect\subclass</Filter>
    </ClCompile>
    <ClCompile Include="bone.cpp">
      <Filter>playGround\mainScene\unit\subclass\summoner</Filter>
    </ClCompile>
    <ClCompile Include="diablo.cpp">
      <Filter>playGround\mainScene\unit\subclass\summoner</Filter>
    </ClCompile>
  </ItemGroup>
  <ItemGroup>
    <ResourceCompile Include="windowAPI.rc">
      <Filter>리소스 파일</Filter>
    </ResourceCompile>
  </ItemGroup>
  <ItemGroup>
    <Image Include="small.ico">
      <Filter>리소스 파일</Filter>
    </Image>
    <Image Include="windowAPI.ico">
      <Filter>리소스 파일</Filter>
    </Image>
  </ItemGroup>
</Project>